// !$*UTF8*$!
{
	archiveVersion = 1;
	classes = {
	};
	objectVersion = 55;
	objects = {

/* Begin PBXBuildFile section */
		096CD809B244FB1FE6026894 /* Pods_Figma_3.framework in Frameworks */ = {isa = PBXBuildFile; fileRef = 946FF8E99DFB5D07BB1AB15D /* Pods_Figma_3.framework */; };
		8F00ABB42785A588002E7D74 /* AppDelegate.swift in Sources */ = {isa = PBXBuildFile; fileRef = 8F00ABB32785A588002E7D74 /* AppDelegate.swift */; };
		8F00ABB62785A588002E7D74 /* SceneDelegate.swift in Sources */ = {isa = PBXBuildFile; fileRef = 8F00ABB52785A588002E7D74 /* SceneDelegate.swift */; };
		8F00ABB82785A588002E7D74 /* ViewController.swift in Sources */ = {isa = PBXBuildFile; fileRef = 8F00ABB72785A588002E7D74 /* ViewController.swift */; };
		8F00ABBB2785A588002E7D74 /* Main.storyboard in Resources */ = {isa = PBXBuildFile; fileRef = 8F00ABB92785A588002E7D74 /* Main.storyboard */; };
		8F00ABBD2785A589002E7D74 /* Assets.xcassets in Resources */ = {isa = PBXBuildFile; fileRef = 8F00ABBC2785A589002E7D74 /* Assets.xcassets */; };
		8F00ABC02785A589002E7D74 /* LaunchScreen.storyboard in Resources */ = {isa = PBXBuildFile; fileRef = 8F00ABBE2785A589002E7D74 /* LaunchScreen.storyboard */; };
		8F00ABC82785A634002E7D74 /* ViewController1.swift in Sources */ = {isa = PBXBuildFile; fileRef = 8F00ABC72785A634002E7D74 /* ViewController1.swift */; };
		8F00ABCA2785A64F002E7D74 /* ViewController2.swift in Sources */ = {isa = PBXBuildFile; fileRef = 8F00ABC92785A64F002E7D74 /* ViewController2.swift */; };
		8F00ABCC2785B895002E7D74 /* ViewController3.swift in Sources */ = {isa = PBXBuildFile; fileRef = 8F00ABCB2785B895002E7D74 /* ViewController3.swift */; };
		8F00ABCE2785CBB5002E7D74 /* ViewController4.swift in Sources */ = {isa = PBXBuildFile; fileRef = 8F00ABCD2785CBB5002E7D74 /* ViewController4.swift */; };
		8F00ABD02786AE88002E7D74 /* ViewController5.swift in Sources */ = {isa = PBXBuildFile; fileRef = 8F00ABCF2786AE88002E7D74 /* ViewController5.swift */; };
		8F00ABD22786BD84002E7D74 /* viewController6.swift in Sources */ = {isa = PBXBuildFile; fileRef = 8F00ABD12786BD84002E7D74 /* viewController6.swift */; };
/* End PBXBuildFile section */

/* Begin PBXFileReference section */
		89D16DDF5E4161A967A5B117 /* Pods-Figma–3.debug.xcconfig */ = {isa = PBXFileReference; includeInIndex = 1; lastKnownFileType = text.xcconfig; name = "Pods-Figma–3.debug.xcconfig"; path = "Target Support Files/Pods-Figma–3/Pods-Figma–3.debug.xcconfig"; sourceTree = "<group>"; };
		8F00ABB02785A588002E7D74 /* Figma–3.app */ = {isa = PBXFileReference; explicitFileType = wrapper.application; includeInIndex = 0; path = "Figma–3.app"; sourceTree = BUILT_PRODUCTS_DIR; };
		8F00ABB32785A588002E7D74 /* AppDelegate.swift */ = {isa = PBXFileReference; lastKnownFileType = sourcecode.swift; path = AppDelegate.swift; sourceTree = "<group>"; };
		8F00ABB52785A588002E7D74 /* SceneDelegate.swift */ = {isa = PBXFileReference; lastKnownFileType = sourcecode.swift; path = SceneDelegate.swift; sourceTree = "<group>"; };
		8F00ABB72785A588002E7D74 /* ViewController.swift */ = {isa = PBXFileReference; lastKnownFileType = sourcecode.swift; path = ViewController.swift; sourceTree = "<group>"; };
		8F00ABBA2785A588002E7D74 /* Base */ = {isa = PBXFileReference; lastKnownFileType = file.storyboard; name = Base; path = Base.lproj/Main.storyboard; sourceTree = "<group>"; };
		8F00ABBC2785A589002E7D74 /* Assets.xcassets */ = {isa = PBXFileReference; lastKnownFileType = folder.assetcatalog; path = Assets.xcassets; sourceTree = "<group>"; };
		8F00ABBF2785A589002E7D74 /* Base */ = {isa = PBXFileReference; lastKnownFileType = file.storyboard; name = Base; path = Base.lproj/LaunchScreen.storyboard; sourceTree = "<group>"; };
		8F00ABC12785A589002E7D74 /* Info.plist */ = {isa = PBXFileReference; lastKnownFileType = text.plist.xml; path = Info.plist; sourceTree = "<group>"; };
		8F00ABC72785A634002E7D74 /* ViewController1.swift */ = {isa = PBXFileReference; lastKnownFileType = sourcecode.swift; path = ViewController1.swift; sourceTree = "<group>"; };
		8F00ABC92785A64F002E7D74 /* ViewController2.swift */ = {isa = PBXFileReference; lastKnownFileType = sourcecode.swift; path = ViewController2.swift; sourceTree = "<group>"; };
		8F00ABCB2785B895002E7D74 /* ViewController3.swift */ = {isa = PBXFileReference; lastKnownFileType = sourcecode.swift; path = ViewController3.swift; sourceTree = "<group>"; };
		8F00ABCD2785CBB5002E7D74 /* ViewController4.swift */ = {isa = PBXFileReference; lastKnownFileType = sourcecode.swift; path = ViewController4.swift; sourceTree = "<group>"; };
		8F00ABCF2786AE88002E7D74 /* ViewController5.swift */ = {isa = PBXFileReference; lastKnownFileType = sourcecode.swift; path = ViewController5.swift; sourceTree = "<group>"; };
		8F00ABD12786BD84002E7D74 /* viewController6.swift */ = {isa = PBXFileReference; lastKnownFileType = sourcecode.swift; path = viewController6.swift; sourceTree = "<group>"; };
		946FF8E99DFB5D07BB1AB15D /* Pods_Figma_3.framework */ = {isa = PBXFileReference; explicitFileType = wrapper.framework; includeInIndex = 0; path = Pods_Figma_3.framework; sourceTree = BUILT_PRODUCTS_DIR; };
		9A0EBB47333585416B28BC94 /* Pods-Figma–3.release.xcconfig */ = {isa = PBXFileReference; includeInIndex = 1; lastKnownFileType = text.xcconfig; name = "Pods-Figma–3.release.xcconfig"; path = "Target Support Files/Pods-Figma–3/Pods-Figma–3.release.xcconfig"; sourceTree = "<group>"; };
/* End PBXFileReference section */

/* Begin PBXFrameworksBuildPhase section */
		8F00ABAD2785A588002E7D74 /* Frameworks */ = {
			isa = PBXFrameworksBuildPhase;
			buildActionMask = 2147483647;
			files = (
				096CD809B244FB1FE6026894 /* Pods_Figma_3.framework in Frameworks */,
			);
			runOnlyForDeploymentPostprocessing = 0;
		};
/* End PBXFrameworksBuildPhase section */

/* Begin PBXGroup section */
		108C731674AE66286BA60DAA /* Pods */ = {
			isa = PBXGroup;
			children = (
				89D16DDF5E4161A967A5B117 /* Pods-Figma–3.debug.xcconfig */,
				9A0EBB47333585416B28BC94 /* Pods-Figma–3.release.xcconfig */,
			);
			path = Pods;
			sourceTree = "<group>";
		};
		2DB3B2F7E6DADC4DCB08F29D /* Frameworks */ = {
			isa = PBXGroup;
			children = (
				946FF8E99DFB5D07BB1AB15D /* Pods_Figma_3.framework */,
			);
			name = Frameworks;
			sourceTree = "<group>";
		};
		8F00ABA72785A588002E7D74 = {
			isa = PBXGroup;
			children = (
				8F00ABB22785A588002E7D74 /* Figma–3 */,
				8F00ABB12785A588002E7D74 /* Products */,
				108C731674AE66286BA60DAA /* Pods */,
				2DB3B2F7E6DADC4DCB08F29D /* Frameworks */,
			);
			sourceTree = "<group>";
		};
		8F00ABB12785A588002E7D74 /* Products */ = {
			isa = PBXGroup;
			children = (
				8F00ABB02785A588002E7D74 /* Figma–3.app */,
			);
			name = Products;
			sourceTree = "<group>";
		};
		8F00ABB22785A588002E7D74 /* Figma–3 */ = {
			isa = PBXGroup;
			children = (
				8F00ABB32785A588002E7D74 /* AppDelegate.swift */,
				8F00ABB52785A588002E7D74 /* SceneDelegate.swift */,
				8F00ABB72785A588002E7D74 /* ViewController.swift */,
				8F00ABC72785A634002E7D74 /* ViewController1.swift */,
				8F00ABC92785A64F002E7D74 /* ViewController2.swift */,
				8F00ABCB2785B895002E7D74 /* ViewController3.swift */,
				8F00ABCD2785CBB5002E7D74 /* ViewController4.swift */,
				8F00ABCF2786AE88002E7D74 /* ViewController5.swift */,
				8F00ABD12786BD84002E7D74 /* viewController6.swift */,
				8F00ABB92785A588002E7D74 /* Main.storyboard */,
				8F00ABBC2785A589002E7D74 /* Assets.xcassets */,
				8F00ABBE2785A589002E7D74 /* LaunchScreen.storyboard */,
				8F00ABC12785A589002E7D74 /* Info.plist */,
			);
			path = "Figma–3";
			sourceTree = "<group>";
		};
/* End PBXGroup section */

/* Begin PBXNativeTarget section */
		8F00ABAF2785A588002E7D74 /* Figma–3 */ = {
			isa = PBXNativeTarget;
			buildConfigurationList = 8F00ABC42785A589002E7D74 /* Build configuration list for PBXNativeTarget "Figma–3" */;
			buildPhases = (
				416C620E5E8030DE5D020CA4 /* [CP] Check Pods Manifest.lock */,
				8F00ABAC2785A588002E7D74 /* Sources */,
				8F00ABAD2785A588002E7D74 /* Frameworks */,
				8F00ABAE2785A588002E7D74 /* Resources */,
				54444BFDA5F8425274A3BC03 /* [CP] Embed Pods Frameworks */,
			);
			buildRules = (
			);
			dependencies = (
			);
			name = "Figma–3";
			productName = "Figma–3";
			productReference = 8F00ABB02785A588002E7D74 /* Figma–3.app */;
			productType = "com.apple.product-type.application";
		};
/* End PBXNativeTarget section */

/* Begin PBXProject section */
		8F00ABA82785A588002E7D74 /* Project object */ = {
			isa = PBXProject;
			attributes = {
				BuildIndependentTargetsInParallel = 1;
				LastSwiftUpdateCheck = 1320;
				LastUpgradeCheck = 1320;
				TargetAttributes = {
					8F00ABAF2785A588002E7D74 = {
						CreatedOnToolsVersion = 13.2.1;
					};
				};
			};
			buildConfigurationList = 8F00ABAB2785A588002E7D74 /* Build configuration list for PBXProject "Figma–3" */;
			compatibilityVersion = "Xcode 13.0";
			developmentRegion = en;
			hasScannedForEncodings = 0;
			knownRegions = (
				en,
				Base,
			);
			mainGroup = 8F00ABA72785A588002E7D74;
			productRefGroup = 8F00ABB12785A588002E7D74 /* Products */;
			projectDirPath = "";
			projectRoot = "";
			targets = (
				8F00ABAF2785A588002E7D74 /* Figma–3 */,
			);
		};
/* End PBXProject section */

/* Begin PBXResourcesBuildPhase section */
		8F00ABAE2785A588002E7D74 /* Resources */ = {
			isa = PBXResourcesBuildPhase;
			buildActionMask = 2147483647;
			files = (
				8F00ABC02785A589002E7D74 /* LaunchScreen.storyboard in Resources */,
				8F00ABBD2785A589002E7D74 /* Assets.xcassets in Resources */,
				8F00ABBB2785A588002E7D74 /* Main.storyboard in Resources */,
			);
			runOnlyForDeploymentPostprocessing = 0;
		};
/* End PBXResourcesBuildPhase section */

/* Begin PBXShellScriptBuildPhase section */
		416C620E5E8030DE5D020CA4 /* [CP] Check Pods Manifest.lock */ = {
			isa = PBXShellScriptBuildPhase;
			buildActionMask = 2147483647;
			files = (
			);
			inputFileListPaths = (
			);
			inputPaths = (
				"${PODS_PODFILE_DIR_PATH}/Podfile.lock",
				"${PODS_ROOT}/Manifest.lock",
			);
			name = "[CP] Check Pods Manifest.lock";
			outputFileListPaths = (
			);
			outputPaths = (
				"$(DERIVED_FILE_DIR)/Pods-Figma–3-checkManifestLockResult.txt",
			);
			runOnlyForDeploymentPostprocessing = 0;
			shellPath = /bin/sh;
			shellScript = "diff \"${PODS_PODFILE_DIR_PATH}/Podfile.lock\" \"${PODS_ROOT}/Manifest.lock\" > /dev/null\nif [ $? != 0 ] ; then\n    # print error to STDERR\n    echo \"error: The sandbox is not in sync with the Podfile.lock. Run 'pod install' or update your CocoaPods installation.\" >&2\n    exit 1\nfi\n# This output is used by Xcode 'outputs' to avoid re-running this script phase.\necho \"SUCCESS\" > \"${SCRIPT_OUTPUT_FILE_0}\"\n";
			showEnvVarsInLog = 0;
		};
		54444BFDA5F8425274A3BC03 /* [CP] Embed Pods Frameworks */ = {
			isa = PBXShellScriptBuildPhase;
			buildActionMask = 2147483647;
			files = (
			);
			inputFileListPaths = (
				"${PODS_ROOT}/Target Support Files/Pods-Figma–3/Pods-Figma–3-frameworks-${CONFIGURATION}-input-files.xcfilelist",
			);
			name = "[CP] Embed Pods Frameworks";
			outputFileListPaths = (
				"${PODS_ROOT}/Target Support Files/Pods-Figma–3/Pods-Figma–3-frameworks-${CONFIGURATION}-output-files.xcfilelist",
			);
			runOnlyForDeploymentPostprocessing = 0;
			shellPath = /bin/sh;
			shellScript = "\"${PODS_ROOT}/Target Support Files/Pods-Figma–3/Pods-Figma–3-frameworks.sh\"\n";
			showEnvVarsInLog = 0;
		};
/* End PBXShellScriptBuildPhase section */

/* Begin PBXSourcesBuildPhase section */
		8F00ABAC2785A588002E7D74 /* Sources */ = {
			isa = PBXSourcesBuildPhase;
			buildActionMask = 2147483647;
			files = (
				8F00ABCA2785A64F002E7D74 /* ViewController2.swift in Sources */,
				8F00ABC82785A634002E7D74 /* ViewController1.swift in Sources */,
				8F00ABCC2785B895002E7D74 /* ViewController3.swift in Sources */,
				8F00ABB82785A588002E7D74 /* ViewController.swift in Sources */,
				8F00ABD02786AE88002E7D74 /* ViewController5.swift in Sources */,
				8F00ABB42785A588002E7D74 /* AppDelegate.swift in Sources */,
				8F00ABD22786BD84002E7D74 /* viewController6.swift in Sources */,
				8F00ABB62785A588002E7D74 /* SceneDelegate.swift in Sources */,
				8F00ABCE2785CBB5002E7D74 /* ViewController4.swift in Sources */,
			);
			runOnlyForDeploymentPostprocessing = 0;
		};
/* End PBXSourcesBuildPhase section */

/* Begin PBXVariantGroup section */
		8F00ABB92785A588002E7D74 /* Main.storyboard */ = {
			isa = PBXVariantGroup;
			children = (
				8F00ABBA2785A588002E7D74 /* Base */,
			);
			name = Main.storyboard;
			sourceTree = "<group>";
		};
		8F00ABBE2785A589002E7D74 /* LaunchScreen.storyboard */ = {
			isa = PBXVariantGroup;
			children = (
				8F00ABBF2785A589002E7D74 /* Base */,
			);
			name = LaunchScreen.storyboard;
			sourceTree = "<group>";
		};
/* End PBXVariantGroup section */

/* Begin XCBuildConfiguration section */
		8F00ABC22785A589002E7D74 /* Debug */ = {
			isa = XCBuildConfiguration;
			buildSettings = {
				ALWAYS_SEARCH_USER_PATHS = NO;
				CLANG_ANALYZER_NONNULL = YES;
				CLANG_ANALYZER_NUMBER_OBJECT_CONVERSION = YES_AGGRESSIVE;
				CLANG_CXX_LANGUAGE_STANDARD = "gnu++17";
				CLANG_CXX_LIBRARY = "libc++";
				CLANG_ENABLE_MODULES = YES;
				CLANG_ENABLE_OBJC_ARC = YES;
				CLANG_ENABLE_OBJC_WEAK = YES;
				CLANG_WARN_BLOCK_CAPTURE_AUTORELEASING = YES;
				CLANG_WARN_BOOL_CONVERSION = YES;
				CLANG_WARN_COMMA = YES;
				CLANG_WARN_CONSTANT_CONVERSION = YES;
				CLANG_WARN_DEPRECATED_OBJC_IMPLEMENTATIONS = YES;
				CLANG_WARN_DIRECT_OBJC_ISA_USAGE = YES_ERROR;
				CLANG_WARN_DOCUMENTATION_COMMENTS = YES;
				CLANG_WARN_EMPTY_BODY = YES;
				CLANG_WARN_ENUM_CONVERSION = YES;
				CLANG_WARN_INFINITE_RECURSION = YES;
				CLANG_WARN_INT_CONVERSION = YES;
				CLANG_WARN_NON_LITERAL_NULL_CONVERSION = YES;
				CLANG_WARN_OBJC_IMPLICIT_RETAIN_SELF = YES;
				CLANG_WARN_OBJC_LITERAL_CONVERSION = YES;
				CLANG_WARN_OBJC_ROOT_CLASS = YES_ERROR;
				CLANG_WARN_QUOTED_INCLUDE_IN_FRAMEWORK_HEADER = YES;
				CLANG_WARN_RANGE_LOOP_ANALYSIS = YES;
				CLANG_WARN_STRICT_PROTOTYPES = YES;
				CLANG_WARN_SUSPICIOUS_MOVE = YES;
				CLANG_WARN_UNGUARDED_AVAILABILITY = YES_AGGRESSIVE;
				CLANG_WARN_UNREACHABLE_CODE = YES;
				CLANG_WARN__DUPLICATE_METHOD_MATCH = YES;
				COPY_PHASE_STRIP = NO;
				DEBUG_INFORMATION_FORMAT = dwarf;
				ENABLE_STRICT_OBJC_MSGSEND = YES;
				ENABLE_TESTABILITY = YES;
				GCC_C_LANGUAGE_STANDARD = gnu11;
				GCC_DYNAMIC_NO_PIC = NO;
				GCC_NO_COMMON_BLOCKS = YES;
				GCC_OPTIMIZATION_LEVEL = 0;
				GCC_PREPROCESSOR_DEFINITIONS = (
					"DEBUG=1",
					"$(inherited)",
				);
				GCC_WARN_64_TO_32_BIT_CONVERSION = YES;
				GCC_WARN_ABOUT_RETURN_TYPE = YES_ERROR;
				GCC_WARN_UNDECLARED_SELECTOR = YES;
				GCC_WARN_UNINITIALIZED_AUTOS = YES_AGGRESSIVE;
				GCC_WARN_UNUSED_FUNCTION = YES;
				GCC_WARN_UNUSED_VARIABLE = YES;
				IPHONEOS_DEPLOYMENT_TARGET = 15.2;
				MTL_ENABLE_DEBUG_INFO = INCLUDE_SOURCE;
				MTL_FAST_MATH = YES;
				ONLY_ACTIVE_ARCH = YES;
				SDKROOT = iphoneos;
				SWIFT_ACTIVE_COMPILATION_CONDITIONS = DEBUG;
				SWIFT_OPTIMIZATION_LEVEL = "-Onone";
			};
			name = Debug;
		};
		8F00ABC32785A589002E7D74 /* Release */ = {
			isa = XCBuildConfiguration;
			buildSettings = {
				ALWAYS_SEARCH_USER_PATHS = NO;
				CLANG_ANALYZER_NONNULL = YES;
				CLANG_ANALYZER_NUMBER_OBJECT_CONVERSION = YES_AGGRESSIVE;
				CLANG_CXX_LANGUAGE_STANDARD = "gnu++17";
				CLANG_CXX_LIBRARY = "libc++";
				CLANG_ENABLE_MODULES = YES;
				CLANG_ENABLE_OBJC_ARC = YES;
				CLANG_ENABLE_OBJC_WEAK = YES;
				CLANG_WARN_BLOCK_CAPTURE_AUTORELEASING = YES;
				CLANG_WARN_BOOL_CONVERSION = YES;
				CLANG_WARN_COMMA = YES;
				CLANG_WARN_CONSTANT_CONVERSION = YES;
				CLANG_WARN_DEPRECATED_OBJC_IMPLEMENTATIONS = YES;
				CLANG_WARN_DIRECT_OBJC_ISA_USAGE = YES_ERROR;
				CLANG_WARN_DOCUMENTATION_COMMENTS = YES;
				CLANG_WARN_EMPTY_BODY = YES;
				CLANG_WARN_ENUM_CONVERSION = YES;
				CLANG_WARN_INFINITE_RECURSION = YES;
				CLANG_WARN_INT_CONVERSION = YES;
				CLANG_WARN_NON_LITERAL_NULL_CONVERSION = YES;
				CLANG_WARN_OBJC_IMPLICIT_RETAIN_SELF = YES;
				CLANG_WARN_OBJC_LITERAL_CONVERSION = YES;
				CLANG_WARN_OBJC_ROOT_CLASS = YES_ERROR;
				CLANG_WARN_QUOTED_INCLUDE_IN_FRAMEWORK_HEADER = YES;
				CLANG_WARN_RANGE_LOOP_ANALYSIS = YES;
				CLANG_WARN_STRICT_PROTOTYPES = YES;
				CLANG_WARN_SUSPICIOUS_MOVE = YES;
				CLANG_WARN_UNGUARDED_AVAILABILITY = YES_AGGRESSIVE;
				CLANG_WARN_UNREACHABLE_CODE = YES;
				CLANG_WARN__DUPLICATE_METHOD_MATCH = YES;
				COPY_PHASE_STRIP = NO;
				DEBUG_INFORMATION_FORMAT = "dwarf-with-dsym";
				ENABLE_NS_ASSERTIONS = NO;
				ENABLE_STRICT_OBJC_MSGSEND = YES;
				GCC_C_LANGUAGE_STANDARD = gnu11;
				GCC_NO_COMMON_BLOCKS = YES;
				GCC_WARN_64_TO_32_BIT_CONVERSION = YES;
				GCC_WARN_ABOUT_RETURN_TYPE = YES_ERROR;
				GCC_WARN_UNDECLARED_SELECTOR = YES;
				GCC_WARN_UNINITIALIZED_AUTOS = YES_AGGRESSIVE;
				GCC_WARN_UNUSED_FUNCTION = YES;
				GCC_WARN_UNUSED_VARIABLE = YES;
				IPHONEOS_DEPLOYMENT_TARGET = 15.2;
				MTL_ENABLE_DEBUG_INFO = NO;
				MTL_FAST_MATH = YES;
				SDKROOT = iphoneos;
				SWIFT_COMPILATION_MODE = wholemodule;
				SWIFT_OPTIMIZATION_LEVEL = "-O";
				VALIDATE_PRODUCT = YES;
			};
			name = Release;
		};
		8F00ABC52785A589002E7D74 /* Debug */ = {
			isa = XCBuildConfiguration;
			baseConfigurationReference = 89D16DDF5E4161A967A5B117 /* Pods-Figma–3.debug.xcconfig */;
			buildSettings = {
				ASSETCATALOG_COMPILER_APPICON_NAME = AppIcon;
				ASSETCATALOG_COMPILER_GLOBAL_ACCENT_COLOR_NAME = AccentColor;
				CODE_SIGN_STYLE = Automatic;
				CURRENT_PROJECT_VERSION = 1;
				GENERATE_INFOPLIST_FILE = YES;
				INFOPLIST_FILE = "Figma–3/Info.plist";
				INFOPLIST_KEY_UIApplicationSupportsIndirectInputEvents = YES;
				INFOPLIST_KEY_UILaunchStoryboardName = LaunchScreen;
				INFOPLIST_KEY_UIMainStoryboardFile = Main;
				INFOPLIST_KEY_UISupportedInterfaceOrientations_iPad = "UIInterfaceOrientationPortrait UIInterfaceOrientationPortraitUpsideDown UIInterfaceOrientationLandscapeLeft UIInterfaceOrientationLandscapeRight";
				INFOPLIST_KEY_UISupportedInterfaceOrientations_iPhone = "UIInterfaceOrientationPortrait UIInterfaceOrientationLandscapeLeft UIInterfaceOrientationLandscapeRight";
				LD_RUNPATH_SEARCH_PATHS = (
					"$(inherited)",
					"@executable_path/Frameworks",
				);
				MARKETING_VERSION = 1.0;
				PRODUCT_BUNDLE_IDENTIFIER = "com.aziz.Figma-3";
				PRODUCT_NAME = "$(TARGET_NAME)";
				SWIFT_EMIT_LOC_STRINGS = YES;
				SWIFT_VERSION = 5.0;
				TARGETED_DEVICE_FAMILY = "1,2";
			};
			name = Debug;
		};
		8F00ABC62785A589002E7D74 /* Release */ = {
			isa = XCBuildConfiguration;
			baseConfigurationReference = 9A0EBB47333585416B28BC94 /* Pods-Figma–3.release.xcconfig */;
			buildSettings = {
				ASSETCATALOG_COMPILER_APPICON_NAME = AppIcon;
				ASSETCATALOG_COMPILER_GLOBAL_ACCENT_COLOR_NAME = AccentColor;
				CODE_SIGN_STYLE = Automatic;
				CURRENT_PROJECT_VERSION = 1;
				GENERATE_INFOPLIST_FILE = YES;
				INFOPLIST_FILE = "Figma–3/Info.plist";
				INFOPLIST_KEY_UIApplicationSupportsIndirectInputEvents = YES;
				INFOPLIST_KEY_UILaunchStoryboardName = LaunchScreen;
				INFOPLIST_KEY_UIMainStoryboardFile = Main;
				INFOPLIST_KEY_UISupportedInterfaceOrientations_iPad = "UIInterfaceOrientationPortrait UIInterfaceOrientationPortraitUpsideDown UIInterfaceOrientationLandscapeLeft UIInterfaceOrientationLandscapeRight";
				INFOPLIST_KEY_UISupportedInterfaceOrientations_iPhone = "UIInterfaceOrientationPortrait UIInterfaceOrientationLandscapeLeft UIInterfaceOrientationLandscapeRight";
				LD_RUNPATH_SEARCH_PATHS = (
					"$(inherited)",
					"@executable_path/Frameworks",
				);
				MARKETING_VERSION = 1.0;
				PRODUCT_BUNDLE_IDENTIFIER = "com.aziz.Figma-3";
				PRODUCT_NAME = "$(TARGET_NAME)";
				SWIFT_EMIT_LOC_STRINGS = YES;
				SWIFT_VERSION = 5.0;
				TARGETED_DEVICE_FAMILY = "1,2";
			};
			name = Release;
		};
/* End XCBuildConfiguration section */

/* Begin XCConfigurationList section */
		8F00ABAB2785A588002E7D74 /* Build configuration list for PBXProject "Figma–3" */ = {
			isa = XCConfigurationList;
			buildConfigurations = (
				8F00ABC22785A589002E7D74 /* Debug */,
				8F00ABC32785A589002E7D74 /* Release */,
			);
			defaultConfigurationIsVisible = 0;
			defaultConfigurationName = Release;
		};
		8F00ABC42785A589002E7D74 /* Build configuration list for PBXNativeTarget "Figma–3" */ = {
			isa = XCConfigurationList;
			buildConfigurations = (
				8F00ABC52785A589002E7D74 /* Debug */,
				8F00ABC62785A589002E7D74 /* Release */,
			);
			defaultConfigurationIsVisible = 0;
			defaultConfigurationName = Release;
		};
/* End XCConfigurationList section */
	};
	rootObject = 8F00ABA82785A588002E7D74 /* Project object */;
}
